
Microsoft Visual Studio Solution File, Format Version 12.00
# Visual Studio Version 17
VisualStudioVersion = 17.14.36414.22 d17.14
MinimumVisualStudioVersion = 10.0.40219.1
Project("{FAE04EC0-301F-11D3-BF4B-00C04F79EFBC}") = "Day 3", "Day 3\Day 3.csproj", "{5FABC858-9360-48D6-BAFB-37AAFDB6DD05}"
EndProject
Global
	GlobalSection(SolutionConfigurationPlatforms) = preSolution
		Debug|Any CPU = Debug|Any CPU
		Release|Any CPU = Release|Any CPU
	EndGlobalSection
	GlobalSection(ProjectConfigurationPlatforms) = postSolution
		{5FABC858-9360-48D6-BAFB-37AAFDB6DD05}.Debug|Any CPU.ActiveCfg = Debug|Any CPU
		{5FABC858-9360-48D6-BAFB-37AAFDB6DD05}.Debug|Any CPU.Build.0 = Debug|Any CPU
		{5FABC858-9360-48D6-BAFB-37AAFDB6DD05}.Release|Any CPU.ActiveCfg = Release|Any CPU
		{5FABC858-9360-48D6-BAFB-37AAFDB6DD05}.Release|Any CPU.Build.0 = Release|Any CPU
	EndGlobalSection
	GlobalSection(SolutionProperties) = preSolution
		HideSolutionNode = FALSE
	EndGlobalSection
	GlobalSection(ExtensibilityGlobals) = postSolution
		SolutionGuid = {B994DB64-0A50-4771-87CD-81C275735827}
	EndGlobalSection
EndGlobal
